// !$*UTF8*$!
{
	archiveVersion = 1;
	classes = {
	};
	objectVersion = 52;
	objects = {

/* Begin PBXBuildFile section */
		96E7C8BBE0D821C8F2C24900 /* Pods_RadagastTests.framework in Frameworks */ = {isa = PBXBuildFile; fileRef = 75C1FB9BA8F27A57C646895B /* Pods_RadagastTests.framework */; };
		D092F25F3BEDAC6F2DE17C3D /* Pods_Radagast.framework in Frameworks */ = {isa = PBXBuildFile; fileRef = 39B872B912524E02232D44DB /* Pods_Radagast.framework */; };
		DDFDFC1926208E06009F043A /* AppDelegate.swift in Sources */ = {isa = PBXBuildFile; fileRef = DDFDFC1826208E06009F043A /* AppDelegate.swift */; };
		DDFDFC1B26208E06009F043A /* SceneDelegate.swift in Sources */ = {isa = PBXBuildFile; fileRef = DDFDFC1A26208E06009F043A /* SceneDelegate.swift */; };
		DDFDFC1D26208E06009F043A /* MainViewController.swift in Sources */ = {isa = PBXBuildFile; fileRef = DDFDFC1C26208E06009F043A /* MainViewController.swift */; };
		DDFDFC2226208E07009F043A /* Assets.xcassets in Resources */ = {isa = PBXBuildFile; fileRef = DDFDFC2126208E07009F043A /* Assets.xcassets */; };
		DDFDFC2526208E07009F043A /* LaunchScreen.storyboard in Resources */ = {isa = PBXBuildFile; fileRef = DDFDFC2326208E07009F043A /* LaunchScreen.storyboard */; };
		DDFDFC3026208E07009F043A /* RadagastTests.swift in Sources */ = {isa = PBXBuildFile; fileRef = DDFDFC2F26208E07009F043A /* RadagastTests.swift */; };
		DDFDFC3B26208E07009F043A /* RadagastUITests.swift in Sources */ = {isa = PBXBuildFile; fileRef = DDFDFC3A26208E07009F043A /* RadagastUITests.swift */; };
		DDFDFC602620929F009F043A /* Alamofire in Frameworks */ = {isa = PBXBuildFile; productRef = DDFDFC5F2620929F009F043A /* Alamofire */; };
		DDFDFC6F262093CD009F043A /* Charts in Frameworks */ = {isa = PBXBuildFile; productRef = DDFDFC6E262093CD009F043A /* Charts */; };
		DDFDFC74262094AE009F043A /* CarbonService.swift in Sources */ = {isa = PBXBuildFile; fileRef = DDFDFC73262094AE009F043A /* CarbonService.swift */; };
		DDFDFC7926209604009F043A /* GraphedTableViewCell.swift in Sources */ = {isa = PBXBuildFile; fileRef = DDFDFC7826209604009F043A /* GraphedTableViewCell.swift */; };
		DDFDFC7E26209646009F043A /* HeaderTableViewCell.swift in Sources */ = {isa = PBXBuildFile; fileRef = DDFDFC7D26209646009F043A /* HeaderTableViewCell.swift */; };
		DDFDFC8326209667009F043A /* CarbonTableViewController.swift in Sources */ = {isa = PBXBuildFile; fileRef = DDFDFC8226209667009F043A /* CarbonTableViewController.swift */; };
		DDFDFC8826209694009F043A /* DetailViewController.swift in Sources */ = {isa = PBXBuildFile; fileRef = DDFDFC8726209694009F043A /* DetailViewController.swift */; };
		DDFDFC9626209B4F009F043A /* DateFormatter+Ext.swift in Sources */ = {isa = PBXBuildFile; fileRef = DDFDFC9526209B4F009F043A /* DateFormatter+Ext.swift */; };
		DDFDFC9E2620A086009F043A /* CarbonFactors.swift in Sources */ = {isa = PBXBuildFile; fileRef = DDFDFC9D2620A086009F043A /* CarbonFactors.swift */; };
		DDFDFCA32620A0A0009F043A /* APIResponse.swift in Sources */ = {isa = PBXBuildFile; fileRef = DDFDFCA22620A0A0009F043A /* APIResponse.swift */; };
		DDFDFCA82620A0FD009F043A /* CarbonForecast.swift in Sources */ = {isa = PBXBuildFile; fileRef = DDFDFCA72620A0FD009F043A /* CarbonForecast.swift */; };
		DDFDFCAE2620A18B009F043A /* CarbonIntensityForecast.swift in Sources */ = {isa = PBXBuildFile; fileRef = DDFDFCAD2620A18B009F043A /* CarbonIntensityForecast.swift */; };
		DDFDFCB32620A1BF009F043A /* CarbonIntensityLevels.swift in Sources */ = {isa = PBXBuildFile; fileRef = DDFDFCB22620A1BF009F043A /* CarbonIntensityLevels.swift */; };
		DDFDFCB82620A207009F043A /* CarbonStatistics.swift in Sources */ = {isa = PBXBuildFile; fileRef = DDFDFCB72620A207009F043A /* CarbonStatistics.swift */; };
		DDFDFCBD2620A240009F043A /* CarbonGeneration.swift in Sources */ = {isa = PBXBuildFile; fileRef = DDFDFCBC2620A240009F043A /* CarbonGeneration.swift */; };
		DDFDFCC22620A280009F043A /* GenerationFactor.swift in Sources */ = {isa = PBXBuildFile; fileRef = DDFDFCC12620A280009F043A /* GenerationFactor.swift */; };
		DDFDFCCA2620A2DE009F043A /* CarbonGenerationTimeFrame.swift in Sources */ = {isa = PBXBuildFile; fileRef = DDFDFCC92620A2DE009F043A /* CarbonGenerationTimeFrame.swift */; };
		DDFDFCCF2620A34C009F043A /* CarbonRegion.swift in Sources */ = {isa = PBXBuildFile; fileRef = DDFDFCCE2620A34C009F043A /* CarbonRegion.swift */; };
		DDFDFCDD2620A543009F043A /* CarbonRegionId.swift in Sources */ = {isa = PBXBuildFile; fileRef = DDFDFCDC2620A543009F043A /* CarbonRegionId.swift */; };
		DDFDFCE22620A56D009F043A /* CarbonRegionIdData.swift in Sources */ = {isa = PBXBuildFile; fileRef = DDFDFCE12620A56D009F043A /* CarbonRegionIdData.swift */; };
		DDFDFCF92620AB87009F043A /* UIViewController+Ext.swift in Sources */ = {isa = PBXBuildFile; fileRef = DDFDFCF82620AB87009F043A /* UIViewController+Ext.swift */; };
		F68DC3E550CEA639AF012D7C /* Pods_Radagast_RadagastUITests.framework in Frameworks */ = {isa = PBXBuildFile; fileRef = D6BDFFD587005378D898CB94 /* Pods_Radagast_RadagastUITests.framework */; };
/* End PBXBuildFile section */

/* Begin PBXContainerItemProxy section */
		DDFDFC2C26208E07009F043A /* PBXContainerItemProxy */ = {
			isa = PBXContainerItemProxy;
			containerPortal = DDFDFC0D26208E06009F043A /* Project object */;
			proxyType = 1;
			remoteGlobalIDString = DDFDFC1426208E06009F043A;
			remoteInfo = Radagast;
		};
		DDFDFC3726208E07009F043A /* PBXContainerItemProxy */ = {
			isa = PBXContainerItemProxy;
			containerPortal = DDFDFC0D26208E06009F043A /* Project object */;
			proxyType = 1;
			remoteGlobalIDString = DDFDFC1426208E06009F043A;
			remoteInfo = Radagast;
		};
/* End PBXContainerItemProxy section */

/* Begin PBXFileReference section */
		0D690E4F532594FE62F0F486 /* Pods-RadagastTests.release.xcconfig */ = {isa = PBXFileReference; includeInIndex = 1; lastKnownFileType = text.xcconfig; name = "Pods-RadagastTests.release.xcconfig"; path = "Target Support Files/Pods-RadagastTests/Pods-RadagastTests.release.xcconfig"; sourceTree = "<group>"; };
		27DD64BBBB90ECC94F39133E /* Pods-Radagast.debug.xcconfig */ = {isa = PBXFileReference; includeInIndex = 1; lastKnownFileType = text.xcconfig; name = "Pods-Radagast.debug.xcconfig"; path = "Target Support Files/Pods-Radagast/Pods-Radagast.debug.xcconfig"; sourceTree = "<group>"; };
		39B872B912524E02232D44DB /* Pods_Radagast.framework */ = {isa = PBXFileReference; explicitFileType = wrapper.framework; includeInIndex = 0; path = Pods_Radagast.framework; sourceTree = BUILT_PRODUCTS_DIR; };
		75C1FB9BA8F27A57C646895B /* Pods_RadagastTests.framework */ = {isa = PBXFileReference; explicitFileType = wrapper.framework; includeInIndex = 0; path = Pods_RadagastTests.framework; sourceTree = BUILT_PRODUCTS_DIR; };
		8E53CBBA3D106A5D617E1888 /* Pods-Radagast.release.xcconfig */ = {isa = PBXFileReference; includeInIndex = 1; lastKnownFileType = text.xcconfig; name = "Pods-Radagast.release.xcconfig"; path = "Target Support Files/Pods-Radagast/Pods-Radagast.release.xcconfig"; sourceTree = "<group>"; };
		A5089521960589847A5CAC1B /* Pods-RadagastTests.debug.xcconfig */ = {isa = PBXFileReference; includeInIndex = 1; lastKnownFileType = text.xcconfig; name = "Pods-RadagastTests.debug.xcconfig"; path = "Target Support Files/Pods-RadagastTests/Pods-RadagastTests.debug.xcconfig"; sourceTree = "<group>"; };
		AD351D216D30A85F3A11AACC /* Pods-Radagast-RadagastUITests.debug.xcconfig */ = {isa = PBXFileReference; includeInIndex = 1; lastKnownFileType = text.xcconfig; name = "Pods-Radagast-RadagastUITests.debug.xcconfig"; path = "Target Support Files/Pods-Radagast-RadagastUITests/Pods-Radagast-RadagastUITests.debug.xcconfig"; sourceTree = "<group>"; };
		D6BDFFD587005378D898CB94 /* Pods_Radagast_RadagastUITests.framework */ = {isa = PBXFileReference; explicitFileType = wrapper.framework; includeInIndex = 0; path = Pods_Radagast_RadagastUITests.framework; sourceTree = BUILT_PRODUCTS_DIR; };
		D883DB5F0EC6A822567D22B4 /* Pods-Radagast-RadagastUITests.release.xcconfig */ = {isa = PBXFileReference; includeInIndex = 1; lastKnownFileType = text.xcconfig; name = "Pods-Radagast-RadagastUITests.release.xcconfig"; path = "Target Support Files/Pods-Radagast-RadagastUITests/Pods-Radagast-RadagastUITests.release.xcconfig"; sourceTree = "<group>"; };
		DDFDFC1526208E06009F043A /* Radagast.app */ = {isa = PBXFileReference; explicitFileType = wrapper.application; includeInIndex = 0; path = Radagast.app; sourceTree = BUILT_PRODUCTS_DIR; };
		DDFDFC1826208E06009F043A /* AppDelegate.swift */ = {isa = PBXFileReference; lastKnownFileType = sourcecode.swift; path = AppDelegate.swift; sourceTree = "<group>"; };
		DDFDFC1A26208E06009F043A /* SceneDelegate.swift */ = {isa = PBXFileReference; lastKnownFileType = sourcecode.swift; path = SceneDelegate.swift; sourceTree = "<group>"; };
		DDFDFC1C26208E06009F043A /* MainViewController.swift */ = {isa = PBXFileReference; lastKnownFileType = sourcecode.swift; path = MainViewController.swift; sourceTree = "<group>"; };
		DDFDFC2126208E07009F043A /* Assets.xcassets */ = {isa = PBXFileReference; lastKnownFileType = folder.assetcatalog; path = Assets.xcassets; sourceTree = "<group>"; };
		DDFDFC2426208E07009F043A /* Base */ = {isa = PBXFileReference; lastKnownFileType = file.storyboard; name = Base; path = Base.lproj/LaunchScreen.storyboard; sourceTree = "<group>"; };
		DDFDFC2626208E07009F043A /* Info.plist */ = {isa = PBXFileReference; lastKnownFileType = text.plist.xml; path = Info.plist; sourceTree = "<group>"; };
		DDFDFC2B26208E07009F043A /* RadagastTests.xctest */ = {isa = PBXFileReference; explicitFileType = wrapper.cfbundle; includeInIndex = 0; path = RadagastTests.xctest; sourceTree = BUILT_PRODUCTS_DIR; };
		DDFDFC2F26208E07009F043A /* RadagastTests.swift */ = {isa = PBXFileReference; lastKnownFileType = sourcecode.swift; path = RadagastTests.swift; sourceTree = "<group>"; };
		DDFDFC3126208E07009F043A /* Info.plist */ = {isa = PBXFileReference; lastKnownFileType = text.plist.xml; path = Info.plist; sourceTree = "<group>"; };
		DDFDFC3626208E07009F043A /* RadagastUITests.xctest */ = {isa = PBXFileReference; explicitFileType = wrapper.cfbundle; includeInIndex = 0; path = RadagastUITests.xctest; sourceTree = BUILT_PRODUCTS_DIR; };
		DDFDFC3A26208E07009F043A /* RadagastUITests.swift */ = {isa = PBXFileReference; lastKnownFileType = sourcecode.swift; path = RadagastUITests.swift; sourceTree = "<group>"; };
		DDFDFC3C26208E07009F043A /* Info.plist */ = {isa = PBXFileReference; lastKnownFileType = text.plist.xml; path = Info.plist; sourceTree = "<group>"; };
		DDFDFC73262094AE009F043A /* CarbonService.swift */ = {isa = PBXFileReference; lastKnownFileType = sourcecode.swift; name = CarbonService.swift; path = Radagast/Services/CarbonService/CarbonService.swift; sourceTree = SOURCE_ROOT; };
		DDFDFC7826209604009F043A /* GraphedTableViewCell.swift */ = {isa = PBXFileReference; lastKnownFileType = sourcecode.swift; path = GraphedTableViewCell.swift; sourceTree = "<group>"; };
		DDFDFC7D26209646009F043A /* HeaderTableViewCell.swift */ = {isa = PBXFileReference; lastKnownFileType = sourcecode.swift; path = HeaderTableViewCell.swift; sourceTree = "<group>"; };
		DDFDFC8226209667009F043A /* CarbonTableViewController.swift */ = {isa = PBXFileReference; lastKnownFileType = sourcecode.swift; path = CarbonTableViewController.swift; sourceTree = "<group>"; };
		DDFDFC8726209694009F043A /* DetailViewController.swift */ = {isa = PBXFileReference; lastKnownFileType = sourcecode.swift; path = DetailViewController.swift; sourceTree = "<group>"; };
		DDFDFC9526209B4F009F043A /* DateFormatter+Ext.swift */ = {isa = PBXFileReference; lastKnownFileType = sourcecode.swift; path = "DateFormatter+Ext.swift"; sourceTree = "<group>"; };
		DDFDFC9D2620A086009F043A /* CarbonFactors.swift */ = {isa = PBXFileReference; lastKnownFileType = sourcecode.swift; path = CarbonFactors.swift; sourceTree = "<group>"; };
		DDFDFCA22620A0A0009F043A /* APIResponse.swift */ = {isa = PBXFileReference; lastKnownFileType = sourcecode.swift; path = APIResponse.swift; sourceTree = "<group>"; };
		DDFDFCA72620A0FD009F043A /* CarbonForecast.swift */ = {isa = PBXFileReference; lastKnownFileType = sourcecode.swift; path = CarbonForecast.swift; sourceTree = "<group>"; };
		DDFDFCAD2620A18B009F043A /* CarbonIntensityForecast.swift */ = {isa = PBXFileReference; lastKnownFileType = sourcecode.swift; path = CarbonIntensityForecast.swift; sourceTree = "<group>"; };
		DDFDFCB22620A1BF009F043A /* CarbonIntensityLevels.swift */ = {isa = PBXFileReference; lastKnownFileType = sourcecode.swift; path = CarbonIntensityLevels.swift; sourceTree = "<group>"; };
		DDFDFCB72620A207009F043A /* CarbonStatistics.swift */ = {isa = PBXFileReference; lastKnownFileType = sourcecode.swift; path = CarbonStatistics.swift; sourceTree = "<group>"; };
		DDFDFCBC2620A240009F043A /* CarbonGeneration.swift */ = {isa = PBXFileReference; lastKnownFileType = sourcecode.swift; path = CarbonGeneration.swift; sourceTree = "<group>"; };
		DDFDFCC12620A280009F043A /* GenerationFactor.swift */ = {isa = PBXFileReference; lastKnownFileType = sourcecode.swift; path = GenerationFactor.swift; sourceTree = "<group>"; };
		DDFDFCC92620A2DE009F043A /* CarbonGenerationTimeFrame.swift */ = {isa = PBXFileReference; lastKnownFileType = sourcecode.swift; path = CarbonGenerationTimeFrame.swift; sourceTree = "<group>"; };
		DDFDFCCE2620A34C009F043A /* CarbonRegion.swift */ = {isa = PBXFileReference; lastKnownFileType = sourcecode.swift; path = CarbonRegion.swift; sourceTree = "<group>"; };
		DDFDFCDC2620A543009F043A /* CarbonRegionId.swift */ = {isa = PBXFileReference; lastKnownFileType = sourcecode.swift; path = CarbonRegionId.swift; sourceTree = "<group>"; };
		DDFDFCE12620A56D009F043A /* CarbonRegionIdData.swift */ = {isa = PBXFileReference; lastKnownFileType = sourcecode.swift; path = CarbonRegionIdData.swift; sourceTree = "<group>"; };
		DDFDFCF82620AB87009F043A /* UIViewController+Ext.swift */ = {isa = PBXFileReference; lastKnownFileType = sourcecode.swift; path = "UIViewController+Ext.swift"; sourceTree = "<group>"; };
/* End PBXFileReference section */

/* Begin PBXFrameworksBuildPhase section */
		DDFDFC1226208E06009F043A /* Frameworks */ = {
			isa = PBXFrameworksBuildPhase;
			buildActionMask = 2147483647;
			files = (
				DDFDFC602620929F009F043A /* Alamofire in Frameworks */,
				DDFDFC6F262093CD009F043A /* Charts in Frameworks */,
				D092F25F3BEDAC6F2DE17C3D /* Pods_Radagast.framework in Frameworks */,
			);
			runOnlyForDeploymentPostprocessing = 0;
		};
		DDFDFC2826208E07009F043A /* Frameworks */ = {
			isa = PBXFrameworksBuildPhase;
			buildActionMask = 2147483647;
			files = (
				96E7C8BBE0D821C8F2C24900 /* Pods_RadagastTests.framework in Frameworks */,
			);
			runOnlyForDeploymentPostprocessing = 0;
		};
		DDFDFC3326208E07009F043A /* Frameworks */ = {
			isa = PBXFrameworksBuildPhase;
			buildActionMask = 2147483647;
			files = (
				F68DC3E550CEA639AF012D7C /* Pods_Radagast_RadagastUITests.framework in Frameworks */,
			);
			runOnlyForDeploymentPostprocessing = 0;
		};
/* End PBXFrameworksBuildPhase section */

/* Begin PBXGroup section */
		721E8B3D805BE41C4DBD3E7C /* Frameworks */ = {
			isa = PBXGroup;
			children = (
				39B872B912524E02232D44DB /* Pods_Radagast.framework */,
				D6BDFFD587005378D898CB94 /* Pods_Radagast_RadagastUITests.framework */,
				75C1FB9BA8F27A57C646895B /* Pods_RadagastTests.framework */,
			);
			name = Frameworks;
			sourceTree = "<group>";
		};
		D598807AF45CA54AB1D3421D /* Pods */ = {
			isa = PBXGroup;
			children = (
				27DD64BBBB90ECC94F39133E /* Pods-Radagast.debug.xcconfig */,
				8E53CBBA3D106A5D617E1888 /* Pods-Radagast.release.xcconfig */,
				AD351D216D30A85F3A11AACC /* Pods-Radagast-RadagastUITests.debug.xcconfig */,
				D883DB5F0EC6A822567D22B4 /* Pods-Radagast-RadagastUITests.release.xcconfig */,
				A5089521960589847A5CAC1B /* Pods-RadagastTests.debug.xcconfig */,
				0D690E4F532594FE62F0F486 /* Pods-RadagastTests.release.xcconfig */,
			);
			path = Pods;
			sourceTree = "<group>";
		};
		DDFDFC0C26208E06009F043A = {
			isa = PBXGroup;
			children = (
				DDFDFC1726208E06009F043A /* Radagast */,
				DDFDFC2E26208E07009F043A /* RadagastTests */,
				DDFDFC3926208E07009F043A /* RadagastUITests */,
				DDFDFC1626208E06009F043A /* Products */,
				D598807AF45CA54AB1D3421D /* Pods */,
				721E8B3D805BE41C4DBD3E7C /* Frameworks */,
			);
			sourceTree = "<group>";
		};
		DDFDFC1626208E06009F043A /* Products */ = {
			isa = PBXGroup;
			children = (
				DDFDFC1526208E06009F043A /* Radagast.app */,
				DDFDFC2B26208E07009F043A /* RadagastTests.xctest */,
				DDFDFC3626208E07009F043A /* RadagastUITests.xctest */,
			);
			name = Products;
			sourceTree = "<group>";
		};
		DDFDFC1726208E06009F043A /* Radagast */ = {
			isa = PBXGroup;
			children = (
				DDFDFC54262090F2009F043A /* LifeCycle */,
				DDFDFC4F262090C0009F043A /* ViewControllers */,
				DDFDFC52262090D3009F043A /* ViewModels */,
				DDFDFC4E262090BA009F043A /* Views */,
				DDFDFC51262090CC009F043A /* Services */,
				DDFDFC50262090C6009F043A /* Protocols */,
				DDFDFC53262090DA009F043A /* Utilities */,
				DDFDFC2126208E07009F043A /* Assets.xcassets */,
				DDFDFC2326208E07009F043A /* LaunchScreen.storyboard */,
				DDFDFC2626208E07009F043A /* Info.plist */,
			);
			path = Radagast;
			sourceTree = "<group>";
		};
		DDFDFC2E26208E07009F043A /* RadagastTests */ = {
			isa = PBXGroup;
			children = (
				DDFDFC2F26208E07009F043A /* RadagastTests.swift */,
				DDFDFC3126208E07009F043A /* Info.plist */,
			);
			path = RadagastTests;
			sourceTree = "<group>";
		};
		DDFDFC3926208E07009F043A /* RadagastUITests */ = {
			isa = PBXGroup;
			children = (
				DDFDFC3A26208E07009F043A /* RadagastUITests.swift */,
				DDFDFC3C26208E07009F043A /* Info.plist */,
			);
			path = RadagastUITests;
			sourceTree = "<group>";
		};
		DDFDFC4E262090BA009F043A /* Views */ = {
			isa = PBXGroup;
			children = (
				DDFDFC7826209604009F043A /* GraphedTableViewCell.swift */,
				DDFDFC7D26209646009F043A /* HeaderTableViewCell.swift */,
			);
			path = Views;
			sourceTree = "<group>";
		};
		DDFDFC4F262090C0009F043A /* ViewControllers */ = {
			isa = PBXGroup;
			children = (
				DDFDFC1C26208E06009F043A /* MainViewController.swift */,
				DDFDFC8226209667009F043A /* CarbonTableViewController.swift */,
				DDFDFC8726209694009F043A /* DetailViewController.swift */,
			);
			path = ViewControllers;
			sourceTree = "<group>";
		};
		DDFDFC50262090C6009F043A /* Protocols */ = {
			isa = PBXGroup;
			children = (
				DDFDFCA22620A0A0009F043A /* APIResponse.swift */,
			);
			path = Protocols;
			sourceTree = "<group>";
		};
		DDFDFC51262090CC009F043A /* Services */ = {
			isa = PBXGroup;
			children = (
				DDFDFC9B2620A058009F043A /* CarbonService */,
			);
			path = Services;
			sourceTree = "<group>";
		};
		DDFDFC52262090D3009F043A /* ViewModels */ = {
			isa = PBXGroup;
			children = (
			);
			path = ViewModels;
			sourceTree = "<group>";
		};
		DDFDFC53262090DA009F043A /* Utilities */ = {
			isa = PBXGroup;
			children = (
				DDFDFC9526209B4F009F043A /* DateFormatter+Ext.swift */,
				DDFDFCF82620AB87009F043A /* UIViewController+Ext.swift */,
			);
			path = Utilities;
			sourceTree = "<group>";
		};
		DDFDFC54262090F2009F043A /* LifeCycle */ = {
			isa = PBXGroup;
			children = (
				DDFDFC1826208E06009F043A /* AppDelegate.swift */,
				DDFDFC1A26208E06009F043A /* SceneDelegate.swift */,
			);
			path = LifeCycle;
			sourceTree = "<group>";
		};
		DDFDFC9B2620A058009F043A /* CarbonService */ = {
			isa = PBXGroup;
			children = (
				DDFDFC9C2620A06C009F043A /* Models */,
				DDFDFC73262094AE009F043A /* CarbonService.swift */,
			);
			path = CarbonService;
			sourceTree = "<group>";
		};
		DDFDFC9C2620A06C009F043A /* Models */ = {
			isa = PBXGroup;
			children = (
				DDFDFCAC2620A12F009F043A /* Sub-models */,
				DDFDFC9D2620A086009F043A /* CarbonFactors.swift */,
				DDFDFCA72620A0FD009F043A /* CarbonForecast.swift */,
				DDFDFCB72620A207009F043A /* CarbonStatistics.swift */,
				DDFDFCBC2620A240009F043A /* CarbonGeneration.swift */,
				DDFDFCC92620A2DE009F043A /* CarbonGenerationTimeFrame.swift */,
				DDFDFCDC2620A543009F043A /* CarbonRegionId.swift */,
			);
			path = Models;
			sourceTree = "<group>";
		};
		DDFDFCAC2620A12F009F043A /* Sub-models */ = {
			isa = PBXGroup;
			children = (
				DDFDFCAD2620A18B009F043A /* CarbonIntensityForecast.swift */,
				DDFDFCB22620A1BF009F043A /* CarbonIntensityLevels.swift */,
				DDFDFCC12620A280009F043A /* GenerationFactor.swift */,
				DDFDFCCE2620A34C009F043A /* CarbonRegion.swift */,
				DDFDFCE12620A56D009F043A /* CarbonRegionIdData.swift */,
			);
			path = "Sub-models";
			sourceTree = "<group>";
		};
/* End PBXGroup section */

/* Begin PBXNativeTarget section */
		DDFDFC1426208E06009F043A /* Radagast */ = {
			isa = PBXNativeTarget;
			buildConfigurationList = DDFDFC3F26208E07009F043A /* Build configuration list for PBXNativeTarget "Radagast" */;
			buildPhases = (
				2978856383D04C0B01B77548 /* [CP] Check Pods Manifest.lock */,
				DDFDFC1126208E06009F043A /* Sources */,
				DDFDFC1226208E06009F043A /* Frameworks */,
				DDFDFC1326208E06009F043A /* Resources */,
				4E78010587F3A560EF7FA56D /* [CP] Embed Pods Frameworks */,
			);
			buildRules = (
			);
			dependencies = (
			);
			name = Radagast;
			packageProductDependencies = (
				DDFDFC5F2620929F009F043A /* Alamofire */,
				DDFDFC6E262093CD009F043A /* Charts */,
			);
			productName = Radagast;
			productReference = DDFDFC1526208E06009F043A /* Radagast.app */;
			productType = "com.apple.product-type.application";
		};
		DDFDFC2A26208E07009F043A /* RadagastTests */ = {
			isa = PBXNativeTarget;
			buildConfigurationList = DDFDFC4226208E07009F043A /* Build configuration list for PBXNativeTarget "RadagastTests" */;
			buildPhases = (
				4A09530E9D2EB1F0E3C703F4 /* [CP] Check Pods Manifest.lock */,
				DDFDFC2726208E07009F043A /* Sources */,
				DDFDFC2826208E07009F043A /* Frameworks */,
				DDFDFC2926208E07009F043A /* Resources */,
			);
			buildRules = (
			);
			dependencies = (
				DDFDFC2D26208E07009F043A /* PBXTargetDependency */,
			);
			name = RadagastTests;
			productName = RadagastTests;
			productReference = DDFDFC2B26208E07009F043A /* RadagastTests.xctest */;
			productType = "com.apple.product-type.bundle.unit-test";
		};
		DDFDFC3526208E07009F043A /* RadagastUITests */ = {
			isa = PBXNativeTarget;
			buildConfigurationList = DDFDFC4526208E07009F043A /* Build configuration list for PBXNativeTarget "RadagastUITests" */;
			buildPhases = (
				3868363AEBB901436951163C /* [CP] Check Pods Manifest.lock */,
				DDFDFC3226208E07009F043A /* Sources */,
				DDFDFC3326208E07009F043A /* Frameworks */,
				DDFDFC3426208E07009F043A /* Resources */,
				972141C09DBAA2A368CD69DC /* [CP] Embed Pods Frameworks */,
			);
			buildRules = (
			);
			dependencies = (
				DDFDFC3826208E07009F043A /* PBXTargetDependency */,
			);
			name = RadagastUITests;
			productName = RadagastUITests;
			productReference = DDFDFC3626208E07009F043A /* RadagastUITests.xctest */;
			productType = "com.apple.product-type.bundle.ui-testing";
		};
/* End PBXNativeTarget section */

/* Begin PBXProject section */
		DDFDFC0D26208E06009F043A /* Project object */ = {
			isa = PBXProject;
			attributes = {
				LastSwiftUpdateCheck = 1240;
				LastUpgradeCheck = 1240;
				TargetAttributes = {
					DDFDFC1426208E06009F043A = {
						CreatedOnToolsVersion = 12.4;
					};
					DDFDFC2A26208E07009F043A = {
						CreatedOnToolsVersion = 12.4;
						TestTargetID = DDFDFC1426208E06009F043A;
					};
					DDFDFC3526208E07009F043A = {
						CreatedOnToolsVersion = 12.4;
						TestTargetID = DDFDFC1426208E06009F043A;
					};
				};
			};
			buildConfigurationList = DDFDFC1026208E06009F043A /* Build configuration list for PBXProject "Radagast" */;
			compatibilityVersion = "Xcode 9.3";
			developmentRegion = en;
			hasScannedForEncodings = 0;
			knownRegions = (
				en,
				Base,
			);
			mainGroup = DDFDFC0C26208E06009F043A;
			packageReferences = (
				DDFDFC5E2620929F009F043A /* XCRemoteSwiftPackageReference "Alamofire" */,
				DDFDFC6D262093CD009F043A /* XCRemoteSwiftPackageReference "Charts" */,
			);
			productRefGroup = DDFDFC1626208E06009F043A /* Products */;
			projectDirPath = "";
			projectRoot = "";
			targets = (
				DDFDFC1426208E06009F043A /* Radagast */,
				DDFDFC2A26208E07009F043A /* RadagastTests */,
				DDFDFC3526208E07009F043A /* RadagastUITests */,
			);
		};
/* End PBXProject section */

/* Begin PBXResourcesBuildPhase section */
		DDFDFC1326208E06009F043A /* Resources */ = {
			isa = PBXResourcesBuildPhase;
			buildActionMask = 2147483647;
			files = (
				DDFDFC2526208E07009F043A /* LaunchScreen.storyboard in Resources */,
				DDFDFC2226208E07009F043A /* Assets.xcassets in Resources */,
			);
			runOnlyForDeploymentPostprocessing = 0;
		};
		DDFDFC2926208E07009F043A /* Resources */ = {
			isa = PBXResourcesBuildPhase;
			buildActionMask = 2147483647;
			files = (
			);
			runOnlyForDeploymentPostprocessing = 0;
		};
		DDFDFC3426208E07009F043A /* Resources */ = {
			isa = PBXResourcesBuildPhase;
			buildActionMask = 2147483647;
			files = (
			);
			runOnlyForDeploymentPostprocessing = 0;
		};
/* End PBXResourcesBuildPhase section */

/* Begin PBXShellScriptBuildPhase section */
		2978856383D04C0B01B77548 /* [CP] Check Pods Manifest.lock */ = {
			isa = PBXShellScriptBuildPhase;
			buildActionMask = 2147483647;
			files = (
			);
			inputFileListPaths = (
			);
			inputPaths = (
				"${PODS_PODFILE_DIR_PATH}/Podfile.lock",
				"${PODS_ROOT}/Manifest.lock",
			);
			name = "[CP] Check Pods Manifest.lock";
			outputFileListPaths = (
			);
			outputPaths = (
				"$(DERIVED_FILE_DIR)/Pods-Radagast-checkManifestLockResult.txt",
			);
			runOnlyForDeploymentPostprocessing = 0;
			shellPath = /bin/sh;
			shellScript = "diff \"${PODS_PODFILE_DIR_PATH}/Podfile.lock\" \"${PODS_ROOT}/Manifest.lock\" > /dev/null\nif [ $? != 0 ] ; then\n    # print error to STDERR\n    echo \"error: The sandbox is not in sync with the Podfile.lock. Run 'pod install' or update your CocoaPods installation.\" >&2\n    exit 1\nfi\n# This output is used by Xcode 'outputs' to avoid re-running this script phase.\necho \"SUCCESS\" > \"${SCRIPT_OUTPUT_FILE_0}\"\n";
			showEnvVarsInLog = 0;
		};
		3868363AEBB901436951163C /* [CP] Check Pods Manifest.lock */ = {
			isa = PBXShellScriptBuildPhase;
			buildActionMask = 2147483647;
			files = (
			);
			inputFileListPaths = (
			);
			inputPaths = (
				"${PODS_PODFILE_DIR_PATH}/Podfile.lock",
				"${PODS_ROOT}/Manifest.lock",
			);
			name = "[CP] Check Pods Manifest.lock";
			outputFileListPaths = (
			);
			outputPaths = (
				"$(DERIVED_FILE_DIR)/Pods-Radagast-RadagastUITests-checkManifestLockResult.txt",
			);
			runOnlyForDeploymentPostprocessing = 0;
			shellPath = /bin/sh;
			shellScript = "diff \"${PODS_PODFILE_DIR_PATH}/Podfile.lock\" \"${PODS_ROOT}/Manifest.lock\" > /dev/null\nif [ $? != 0 ] ; then\n    # print error to STDERR\n    echo \"error: The sandbox is not in sync with the Podfile.lock. Run 'pod install' or update your CocoaPods installation.\" >&2\n    exit 1\nfi\n# This output is used by Xcode 'outputs' to avoid re-running this script phase.\necho \"SUCCESS\" > \"${SCRIPT_OUTPUT_FILE_0}\"\n";
			showEnvVarsInLog = 0;
		};
		4A09530E9D2EB1F0E3C703F4 /* [CP] Check Pods Manifest.lock */ = {
			isa = PBXShellScriptBuildPhase;
			buildActionMask = 2147483647;
			files = (
			);
			inputFileListPaths = (
			);
			inputPaths = (
				"${PODS_PODFILE_DIR_PATH}/Podfile.lock",
				"${PODS_ROOT}/Manifest.lock",
			);
			name = "[CP] Check Pods Manifest.lock";
			outputFileListPaths = (
			);
			outputPaths = (
				"$(DERIVED_FILE_DIR)/Pods-RadagastTests-checkManifestLockResult.txt",
			);
			runOnlyForDeploymentPostprocessing = 0;
			shellPath = /bin/sh;
			shellScript = "diff \"${PODS_PODFILE_DIR_PATH}/Podfile.lock\" \"${PODS_ROOT}/Manifest.lock\" > /dev/null\nif [ $? != 0 ] ; then\n    # print error to STDERR\n    echo \"error: The sandbox is not in sync with the Podfile.lock. Run 'pod install' or update your CocoaPods installation.\" >&2\n    exit 1\nfi\n# This output is used by Xcode 'outputs' to avoid re-running this script phase.\necho \"SUCCESS\" > \"${SCRIPT_OUTPUT_FILE_0}\"\n";
			showEnvVarsInLog = 0;
		};
		4E78010587F3A560EF7FA56D /* [CP] Embed Pods Frameworks */ = {
			isa = PBXShellScriptBuildPhase;
			buildActionMask = 2147483647;
			files = (
			);
			inputFileListPaths = (
				"${PODS_ROOT}/Target Support Files/Pods-Radagast/Pods-Radagast-frameworks-${CONFIGURATION}-input-files.xcfilelist",
			);
			name = "[CP] Embed Pods Frameworks";
			outputFileListPaths = (
				"${PODS_ROOT}/Target Support Files/Pods-Radagast/Pods-Radagast-frameworks-${CONFIGURATION}-output-files.xcfilelist",
			);
			runOnlyForDeploymentPostprocessing = 0;
			shellPath = /bin/sh;
			shellScript = "\"${PODS_ROOT}/Target Support Files/Pods-Radagast/Pods-Radagast-frameworks.sh\"\n";
			showEnvVarsInLog = 0;
		};
		972141C09DBAA2A368CD69DC /* [CP] Embed Pods Frameworks */ = {
			isa = PBXShellScriptBuildPhase;
			buildActionMask = 2147483647;
			files = (
			);
			inputFileListPaths = (
				"${PODS_ROOT}/Target Support Files/Pods-Radagast-RadagastUITests/Pods-Radagast-RadagastUITests-frameworks-${CONFIGURATION}-input-files.xcfilelist",
			);
			name = "[CP] Embed Pods Frameworks";
			outputFileListPaths = (
				"${PODS_ROOT}/Target Support Files/Pods-Radagast-RadagastUITests/Pods-Radagast-RadagastUITests-frameworks-${CONFIGURATION}-output-files.xcfilelist",
			);
			runOnlyForDeploymentPostprocessing = 0;
			shellPath = /bin/sh;
			shellScript = "\"${PODS_ROOT}/Target Support Files/Pods-Radagast-RadagastUITests/Pods-Radagast-RadagastUITests-frameworks.sh\"\n";
			showEnvVarsInLog = 0;
		};
/* End PBXShellScriptBuildPhase section */

/* Begin PBXSourcesBuildPhase section */
		DDFDFC1126208E06009F043A /* Sources */ = {
			isa = PBXSourcesBuildPhase;
			buildActionMask = 2147483647;
			files = (
				DDFDFC74262094AE009F043A /* CarbonService.swift in Sources */,
				DDFDFCDD2620A543009F043A /* CarbonRegionId.swift in Sources */,
				DDFDFC8326209667009F043A /* CarbonTableViewController.swift in Sources */,
				DDFDFCC22620A280009F043A /* GenerationFactor.swift in Sources */,
				DDFDFCBD2620A240009F043A /* CarbonGeneration.swift in Sources */,
				DDFDFCAE2620A18B009F043A /* CarbonIntensityForecast.swift in Sources */,
				DDFDFC9626209B4F009F043A /* DateFormatter+Ext.swift in Sources */,
				DDFDFC9E2620A086009F043A /* CarbonFactors.swift in Sources */,
				DDFDFC7926209604009F043A /* GraphedTableViewCell.swift in Sources */,
				DDFDFCA32620A0A0009F043A /* APIResponse.swift in Sources */,
				DDFDFC1D26208E06009F043A /* MainViewController.swift in Sources */,
				DDFDFC1926208E06009F043A /* AppDelegate.swift in Sources */,
				DDFDFC7E26209646009F043A /* HeaderTableViewCell.swift in Sources */,
				DDFDFC1B26208E06009F043A /* SceneDelegate.swift in Sources */,
				DDFDFCF92620AB87009F043A /* UIViewController+Ext.swift in Sources */,
				DDFDFC8826209694009F043A /* DetailViewController.swift in Sources */,
				DDFDFCA82620A0FD009F043A /* CarbonForecast.swift in Sources */,
				DDFDFCE22620A56D009F043A /* CarbonRegionIdData.swift in Sources */,
				DDFDFCCA2620A2DE009F043A /* CarbonGenerationTimeFrame.swift in Sources */,
				DDFDFCB82620A207009F043A /* CarbonStatistics.swift in Sources */,
				DDFDFCCF2620A34C009F043A /* CarbonRegion.swift in Sources */,
				DDFDFCB32620A1BF009F043A /* CarbonIntensityLevels.swift in Sources */,
			);
			runOnlyForDeploymentPostprocessing = 0;
		};
		DDFDFC2726208E07009F043A /* Sources */ = {
			isa = PBXSourcesBuildPhase;
			buildActionMask = 2147483647;
			files = (
				DDFDFC3026208E07009F043A /* RadagastTests.swift in Sources */,
			);
			runOnlyForDeploymentPostprocessing = 0;
		};
		DDFDFC3226208E07009F043A /* Sources */ = {
			isa = PBXSourcesBuildPhase;
			buildActionMask = 2147483647;
			files = (
				DDFDFC3B26208E07009F043A /* RadagastUITests.swift in Sources */,
			);
			runOnlyForDeploymentPostprocessing = 0;
		};
/* End PBXSourcesBuildPhase section */

/* Begin PBXTargetDependency section */
		DDFDFC2D26208E07009F043A /* PBXTargetDependency */ = {
			isa = PBXTargetDependency;
			target = DDFDFC1426208E06009F043A /* Radagast */;
			targetProxy = DDFDFC2C26208E07009F043A /* PBXContainerItemProxy */;
		};
		DDFDFC3826208E07009F043A /* PBXTargetDependency */ = {
			isa = PBXTargetDependency;
			target = DDFDFC1426208E06009F043A /* Radagast */;
			targetProxy = DDFDFC3726208E07009F043A /* PBXContainerItemProxy */;
		};
/* End PBXTargetDependency section */

/* Begin PBXVariantGroup section */
		DDFDFC2326208E07009F043A /* LaunchScreen.storyboard */ = {
			isa = PBXVariantGroup;
			children = (
				DDFDFC2426208E07009F043A /* Base */,
			);
			name = LaunchScreen.storyboard;
			sourceTree = "<group>";
		};
/* End PBXVariantGroup section */

/* Begin XCBuildConfiguration section */
		DDFDFC3D26208E07009F043A /* Debug */ = {
			isa = XCBuildConfiguration;
			buildSettings = {
				ALWAYS_SEARCH_USER_PATHS = NO;
				CLANG_ANALYZER_NONNULL = YES;
				CLANG_ANALYZER_NUMBER_OBJECT_CONVERSION = YES_AGGRESSIVE;
				CLANG_CXX_LANGUAGE_STANDARD = "gnu++14";
				CLANG_CXX_LIBRARY = "libc++";
				CLANG_ENABLE_MODULES = YES;
				CLANG_ENABLE_OBJC_ARC = YES;
				CLANG_ENABLE_OBJC_WEAK = YES;
				CLANG_WARN_BLOCK_CAPTURE_AUTORELEASING = YES;
				CLANG_WARN_BOOL_CONVERSION = YES;
				CLANG_WARN_COMMA = YES;
				CLANG_WARN_CONSTANT_CONVERSION = YES;
				CLANG_WARN_DEPRECATED_OBJC_IMPLEMENTATIONS = YES;
				CLANG_WARN_DIRECT_OBJC_ISA_USAGE = YES_ERROR;
				CLANG_WARN_DOCUMENTATION_COMMENTS = YES;
				CLANG_WARN_EMPTY_BODY = YES;
				CLANG_WARN_ENUM_CONVERSION = YES;
				CLANG_WARN_INFINITE_RECURSION = YES;
				CLANG_WARN_INT_CONVERSION = YES;
				CLANG_WARN_NON_LITERAL_NULL_CONVERSION = YES;
				CLANG_WARN_OBJC_IMPLICIT_RETAIN_SELF = YES;
				CLANG_WARN_OBJC_LITERAL_CONVERSION = YES;
				CLANG_WARN_OBJC_ROOT_CLASS = YES_ERROR;
				CLANG_WARN_QUOTED_INCLUDE_IN_FRAMEWORK_HEADER = YES;
				CLANG_WARN_RANGE_LOOP_ANALYSIS = YES;
				CLANG_WARN_STRICT_PROTOTYPES = YES;
				CLANG_WARN_SUSPICIOUS_MOVE = YES;
				CLANG_WARN_UNGUARDED_AVAILABILITY = YES_AGGRESSIVE;
				CLANG_WARN_UNREACHABLE_CODE = YES;
				CLANG_WARN__DUPLICATE_METHOD_MATCH = YES;
				COPY_PHASE_STRIP = NO;
				DEBUG_INFORMATION_FORMAT = dwarf;
				ENABLE_STRICT_OBJC_MSGSEND = YES;
				ENABLE_TESTABILITY = YES;
				GCC_C_LANGUAGE_STANDARD = gnu11;
				GCC_DYNAMIC_NO_PIC = NO;
				GCC_NO_COMMON_BLOCKS = YES;
				GCC_OPTIMIZATION_LEVEL = 0;
				GCC_PREPROCESSOR_DEFINITIONS = (
					"DEBUG=1",
					"$(inherited)",
				);
				GCC_WARN_64_TO_32_BIT_CONVERSION = YES;
				GCC_WARN_ABOUT_RETURN_TYPE = YES_ERROR;
				GCC_WARN_UNDECLARED_SELECTOR = YES;
				GCC_WARN_UNINITIALIZED_AUTOS = YES_AGGRESSIVE;
				GCC_WARN_UNUSED_FUNCTION = YES;
				GCC_WARN_UNUSED_VARIABLE = YES;
				IPHONEOS_DEPLOYMENT_TARGET = 14.4;
				MTL_ENABLE_DEBUG_INFO = INCLUDE_SOURCE;
				MTL_FAST_MATH = YES;
				ONLY_ACTIVE_ARCH = YES;
				SDKROOT = iphoneos;
				SWIFT_ACTIVE_COMPILATION_CONDITIONS = DEBUG;
				SWIFT_OPTIMIZATION_LEVEL = "-Onone";
			};
			name = Debug;
		};
		DDFDFC3E26208E07009F043A /* Release */ = {
			isa = XCBuildConfiguration;
			buildSettings = {
				ALWAYS_SEARCH_USER_PATHS = NO;
				CLANG_ANALYZER_NONNULL = YES;
				CLANG_ANALYZER_NUMBER_OBJECT_CONVERSION = YES_AGGRESSIVE;
				CLANG_CXX_LANGUAGE_STANDARD = "gnu++14";
				CLANG_CXX_LIBRARY = "libc++";
				CLANG_ENABLE_MODULES = YES;
				CLANG_ENABLE_OBJC_ARC = YES;
				CLANG_ENABLE_OBJC_WEAK = YES;
				CLANG_WARN_BLOCK_CAPTURE_AUTORELEASING = YES;
				CLANG_WARN_BOOL_CONVERSION = YES;
				CLANG_WARN_COMMA = YES;
				CLANG_WARN_CONSTANT_CONVERSION = YES;
				CLANG_WARN_DEPRECATED_OBJC_IMPLEMENTATIONS = YES;
				CLANG_WARN_DIRECT_OBJC_ISA_USAGE = YES_ERROR;
				CLANG_WARN_DOCUMENTATION_COMMENTS = YES;
				CLANG_WARN_EMPTY_BODY = YES;
				CLANG_WARN_ENUM_CONVERSION = YES;
				CLANG_WARN_INFINITE_RECURSION = YES;
				CLANG_WARN_INT_CONVERSION = YES;
				CLANG_WARN_NON_LITERAL_NULL_CONVERSION = YES;
				CLANG_WARN_OBJC_IMPLICIT_RETAIN_SELF = YES;
				CLANG_WARN_OBJC_LITERAL_CONVERSION = YES;
				CLANG_WARN_OBJC_ROOT_CLASS = YES_ERROR;
				CLANG_WARN_QUOTED_INCLUDE_IN_FRAMEWORK_HEADER = YES;
				CLANG_WARN_RANGE_LOOP_ANALYSIS = YES;
				CLANG_WARN_STRICT_PROTOTYPES = YES;
				CLANG_WARN_SUSPICIOUS_MOVE = YES;
				CLANG_WARN_UNGUARDED_AVAILABILITY = YES_AGGRESSIVE;
				CLANG_WARN_UNREACHABLE_CODE = YES;
				CLANG_WARN__DUPLICATE_METHOD_MATCH = YES;
				COPY_PHASE_STRIP = NO;
				DEBUG_INFORMATION_FORMAT = "dwarf-with-dsym";
				ENABLE_NS_ASSERTIONS = NO;
				ENABLE_STRICT_OBJC_MSGSEND = YES;
				GCC_C_LANGUAGE_STANDARD = gnu11;
				GCC_NO_COMMON_BLOCKS = YES;
				GCC_WARN_64_TO_32_BIT_CONVERSION = YES;
				GCC_WARN_ABOUT_RETURN_TYPE = YES_ERROR;
				GCC_WARN_UNDECLARED_SELECTOR = YES;
				GCC_WARN_UNINITIALIZED_AUTOS = YES_AGGRESSIVE;
				GCC_WARN_UNUSED_FUNCTION = YES;
				GCC_WARN_UNUSED_VARIABLE = YES;
				IPHONEOS_DEPLOYMENT_TARGET = 14.4;
				MTL_ENABLE_DEBUG_INFO = NO;
				MTL_FAST_MATH = YES;
				SDKROOT = iphoneos;
				SWIFT_COMPILATION_MODE = wholemodule;
				SWIFT_OPTIMIZATION_LEVEL = "-O";
				VALIDATE_PRODUCT = YES;
			};
			name = Release;
		};
		DDFDFC4026208E07009F043A /* Debug */ = {
			isa = XCBuildConfiguration;
			baseConfigurationReference = 27DD64BBBB90ECC94F39133E /* Pods-Radagast.debug.xcconfig */;
			buildSettings = {
				ASSETCATALOG_COMPILER_APPICON_NAME = AppIcon;
				ASSETCATALOG_COMPILER_GLOBAL_ACCENT_COLOR_NAME = AccentColor;
				CODE_SIGN_STYLE = Automatic;
				DEVELOPMENT_TEAM = 3FH52996L3;
				INFOPLIST_FILE = Radagast/Info.plist;
				LD_RUNPATH_SEARCH_PATHS = (
					"$(inherited)",
					"@executable_path/Frameworks",
				);
				PRODUCT_BUNDLE_IDENTIFIER = com.returngenerics.Radagast;
				PRODUCT_NAME = "$(TARGET_NAME)";
				SWIFT_VERSION = 5.0;
				TARGETED_DEVICE_FAMILY = 1;
			};
			name = Debug;
		};
		DDFDFC4126208E07009F043A /* Release */ = {
			isa = XCBuildConfiguration;
			baseConfigurationReference = 8E53CBBA3D106A5D617E1888 /* Pods-Radagast.release.xcconfig */;
			buildSettings = {
				ASSETCATALOG_COMPILER_APPICON_NAME = AppIcon;
				ASSETCATALOG_COMPILER_GLOBAL_ACCENT_COLOR_NAME = AccentColor;
				CODE_SIGN_STYLE = Automatic;
				DEVELOPMENT_TEAM = 3FH52996L3;
				INFOPLIST_FILE = Radagast/Info.plist;
				LD_RUNPATH_SEARCH_PATHS = (
					"$(inherited)",
					"@executable_path/Frameworks",
				);
				PRODUCT_BUNDLE_IDENTIFIER = com.returngenerics.Radagast;
				PRODUCT_NAME = "$(TARGET_NAME)";
				SWIFT_VERSION = 5.0;
				TARGETED_DEVICE_FAMILY = 1;
			};
			name = Release;
		};
		DDFDFC4326208E07009F043A /* Debug */ = {
			isa = XCBuildConfiguration;
			baseConfigurationReference = A5089521960589847A5CAC1B /* Pods-RadagastTests.debug.xcconfig */;
			buildSettings = {
				ALWAYS_EMBED_SWIFT_STANDARD_LIBRARIES = YES;
				BUNDLE_LOADER = "$(TEST_HOST)";
				CODE_SIGN_STYLE = Automatic;
				DEVELOPMENT_TEAM = 3FH52996L3;
				INFOPLIST_FILE = RadagastTests/Info.plist;
				IPHONEOS_DEPLOYMENT_TARGET = 14.4;
				LD_RUNPATH_SEARCH_PATHS = (
					"$(inherited)",
					"@executable_path/Frameworks",
					"@loader_path/Frameworks",
				);
				PRODUCT_BUNDLE_IDENTIFIER = com.returngenerics.RadagastTests;
				PRODUCT_NAME = "$(TARGET_NAME)";
				SWIFT_VERSION = 5.0;
				TARGETED_DEVICE_FAMILY = "1,2";
				TEST_HOST = "$(BUILT_PRODUCTS_DIR)/Radagast.app/Radagast";
			};
			name = Debug;
		};
		DDFDFC4426208E07009F043A /* Release */ = {
			isa = XCBuildConfiguration;
			baseConfigurationReference = 0D690E4F532594FE62F0F486 /* Pods-RadagastTests.release.xcconfig */;
			buildSettings = {
				ALWAYS_EMBED_SWIFT_STANDARD_LIBRARIES = YES;
				BUNDLE_LOADER = "$(TEST_HOST)";
				CODE_SIGN_STYLE = Automatic;
				DEVELOPMENT_TEAM = 3FH52996L3;
				INFOPLIST_FILE = RadagastTests/Info.plist;
				IPHONEOS_DEPLOYMENT_TARGET = 14.4;
				LD_RUNPATH_SEARCH_PATHS = (
					"$(inherited)",
					"@executable_path/Frameworks",
					"@loader_path/Frameworks",
				);
				PRODUCT_BUNDLE_IDENTIFIER = com.returngenerics.RadagastTests;
				PRODUCT_NAME = "$(TARGET_NAME)";
				SWIFT_VERSION = 5.0;
				TARGETED_DEVICE_FAMILY = "1,2";
				TEST_HOST = "$(BUILT_PRODUCTS_DIR)/Radagast.app/Radagast";
			};
			name = Release;
		};
		DDFDFC4626208E07009F043A /* Debug */ = {
			isa = XCBuildConfiguration;
			baseConfigurationReference = AD351D216D30A85F3A11AACC /* Pods-Radagast-RadagastUITests.debug.xcconfig */;
			buildSettings = {
				ALWAYS_EMBED_SWIFT_STANDARD_LIBRARIES = YES;
				CODE_SIGN_STYLE = Automatic;
				DEVELOPMENT_TEAM = 3FH52996L3;
				INFOPLIST_FILE = RadagastUITests/Info.plist;
				LD_RUNPATH_SEARCH_PATHS = (
					"$(inherited)",
					"@executable_path/Frameworks",
					"@loader_path/Frameworks",
				);
				PRODUCT_BUNDLE_IDENTIFIER = com.returngenerics.RadagastUITests;
				PRODUCT_NAME = "$(TARGET_NAME)";
				SWIFT_VERSION = 5.0;
				TARGETED_DEVICE_FAMILY = "1,2";
				TEST_TARGET_NAME = Radagast;
			};
			name = Debug;
		};
		DDFDFC4726208E07009F043A /* Release */ = {
			isa = XCBuildConfiguration;
			baseConfigurationReference = D883DB5F0EC6A822567D22B4 /* Pods-Radagast-RadagastUITests.release.xcconfig */;
			buildSettings = {
				ALWAYS_EMBED_SWIFT_STANDARD_LIBRARIES = YES;
				CODE_SIGN_STYLE = Automatic;
				DEVELOPMENT_TEAM = 3FH52996L3;
				INFOPLIST_FILE = RadagastUITests/Info.plist;
				LD_RUNPATH_SEARCH_PATHS = (
					"$(inherited)",
					"@executable_path/Frameworks",
					"@loader_path/Frameworks",
				);
				PRODUCT_BUNDLE_IDENTIFIER = com.returngenerics.RadagastUITests;
				PRODUCT_NAME = "$(TARGET_NAME)";
				SWIFT_VERSION = 5.0;
				TARGETED_DEVICE_FAMILY = "1,2";
				TEST_TARGET_NAME = Radagast;
			};
			name = Release;
		};
/* End XCBuildConfiguration section */

/* Begin XCConfigurationList section */
		DDFDFC1026208E06009F043A /* Build configuration list for PBXProject "Radagast" */ = {
			isa = XCConfigurationList;
			buildConfigurations = (
				DDFDFC3D26208E07009F043A /* Debug */,
				DDFDFC3E26208E07009F043A /* Release */,
			);
			defaultConfigurationIsVisible = 0;
			defaultConfigurationName = Release;
		};
		DDFDFC3F26208E07009F043A /* Build configuration list for PBXNativeTarget "Radagast" */ = {
			isa = XCConfigurationList;
			buildConfigurations = (
				DDFDFC4026208E07009F043A /* Debug */,
				DDFDFC4126208E07009F043A /* Release */,
			);
			defaultConfigurationIsVisible = 0;
			defaultConfigurationName = Release;
		};
		DDFDFC4226208E07009F043A /* Build configuration list for PBXNativeTarget "RadagastTests" */ = {
			isa = XCConfigurationList;
			buildConfigurations = (
				DDFDFC4326208E07009F043A /* Debug */,
				DDFDFC4426208E07009F043A /* Release */,
			);
			defaultConfigurationIsVisible = 0;
			defaultConfigurationName = Release;
		};
		DDFDFC4526208E07009F043A /* Build configuration list for PBXNativeTarget "RadagastUITests" */ = {
			isa = XCConfigurationList;
			buildConfigurations = (
				DDFDFC4626208E07009F043A /* Debug */,
				DDFDFC4726208E07009F043A /* Release */,
			);
			defaultConfigurationIsVisible = 0;
			defaultConfigurationName = Release;
		};
/* End XCConfigurationList section */

/* Begin XCRemoteSwiftPackageReference section */
		DDFDFC5E2620929F009F043A /* XCRemoteSwiftPackageReference "Alamofire" */ = {
			isa = XCRemoteSwiftPackageReference;
			repositoryURL = "git@github.com:Alamofire/Alamofire.git";
			requirement = {
				kind = upToNextMajorVersion;
				minimumVersion = 5.4.2;
			};
		};
		DDFDFC6D262093CD009F043A /* XCRemoteSwiftPackageReference "Charts" */ = {
			isa = XCRemoteSwiftPackageReference;
			repositoryURL = "git@github.com:danielgindi/Charts.git";
			requirement = {
				kind = upToNextMajorVersion;
				minimumVersion = 4.0.1;
			};
		};
/* End XCRemoteSwiftPackageReference section */

/* Begin XCSwiftPackageProductDependency section */
		DDFDFC5F2620929F009F043A /* Alamofire */ = {
			isa = XCSwiftPackageProductDependency;
			package = DDFDFC5E2620929F009F043A /* XCRemoteSwiftPackageReference "Alamofire" */;
			productName = Alamofire;
		};
		DDFDFC6E262093CD009F043A /* Charts */ = {
			isa = XCSwiftPackageProductDependency;
			package = DDFDFC6D262093CD009F043A /* XCRemoteSwiftPackageReference "Charts" */;
			productName = Charts;
		};
/* End XCSwiftPackageProductDependency section */
	};
	rootObject = DDFDFC0D26208E06009F043A /* Project object */;
}
